// !$*UTF8*$!
{
	archiveVersion = 1;
	classes = {
	};
	objectVersion = 50;
	objects = {

/* Begin PBXBuildFile section */
		3411158C3CDB2DD4203DEDEC /* libPods-DDLogTest.a in Frameworks */ = {isa = PBXBuildFile; fileRef = 05C41AAE9B6872D8E2781286 /* libPods-DDLogTest.a */; };
		BA54744022F9A38300EC1572 /* AppDelegate.m in Sources */ = {isa = PBXBuildFile; fileRef = BA54743F22F9A38300EC1572 /* AppDelegate.m */; };
		BA54744322F9A38300EC1572 /* ViewController.m in Sources */ = {isa = PBXBuildFile; fileRef = BA54744222F9A38300EC1572 /* ViewController.m */; };
		BA54744622F9A38300EC1572 /* Main.storyboard in Resources */ = {isa = PBXBuildFile; fileRef = BA54744422F9A38300EC1572 /* Main.storyboard */; };
		BA54744822F9A38600EC1572 /* Assets.xcassets in Resources */ = {isa = PBXBuildFile; fileRef = BA54744722F9A38600EC1572 /* Assets.xcassets */; };
		BA54744E22F9A38600EC1572 /* main.m in Sources */ = {isa = PBXBuildFile; fileRef = BA54744D22F9A38600EC1572 /* main.m */; };
		BA54745822F9A38600EC1572 /* DDLogTestTests.m in Sources */ = {isa = PBXBuildFile; fileRef = BA54745722F9A38600EC1572 /* DDLogTestTests.m */; };
		BA54746322F9A38600EC1572 /* DDLogTestUITests.m in Sources */ = {isa = PBXBuildFile; fileRef = BA54746222F9A38600EC1572 /* DDLogTestUITests.m */; };
		BA54747422F9A96300EC1572 /* FASDKManager.m in Sources */ = {isa = PBXBuildFile; fileRef = BA54747322F9A96300EC1572 /* FASDKManager.m */; };
		BAFC7F9222FA9A210007DBB1 /* FALogFormater.m in Sources */ = {isa = PBXBuildFile; fileRef = BAFC7F9122FA9A210007DBB1 /* FALogFormater.m */; };
		BAFC7F9422FBC7440007DBB1 /* Launch Screen.storyboard in Resources */ = {isa = PBXBuildFile; fileRef = BAFC7F9322FBC7440007DBB1 /* Launch Screen.storyboard */; };
/* End PBXBuildFile section */

/* Begin PBXContainerItemProxy section */
		BA54745422F9A38600EC1572 /* PBXContainerItemProxy */ = {
			isa = PBXContainerItemProxy;
			containerPortal = BA54743322F9A38300EC1572 /* Project object */;
			proxyType = 1;
			remoteGlobalIDString = BA54743A22F9A38300EC1572;
			remoteInfo = DDLogTest;
		};
		BA54745F22F9A38600EC1572 /* PBXContainerItemProxy */ = {
			isa = PBXContainerItemProxy;
			containerPortal = BA54743322F9A38300EC1572 /* Project object */;
			proxyType = 1;
			remoteGlobalIDString = BA54743A22F9A38300EC1572;
			remoteInfo = DDLogTest;
		};
/* End PBXContainerItemProxy section */

/* Begin PBXFileReference section */
		05C41AAE9B6872D8E2781286 /* libPods-DDLogTest.a */ = {isa = PBXFileReference; explicitFileType = archive.ar; includeInIndex = 0; path = "libPods-DDLogTest.a"; sourceTree = BUILT_PRODUCTS_DIR; };
		6C39C3A4A1ED77F1242063DE /* Pods-DDLogTest.debug.xcconfig */ = {isa = PBXFileReference; includeInIndex = 1; lastKnownFileType = text.xcconfig; name = "Pods-DDLogTest.debug.xcconfig"; path = "Target Support Files/Pods-DDLogTest/Pods-DDLogTest.debug.xcconfig"; sourceTree = "<group>"; };
		BA54743B22F9A38300EC1572 /* DDLogTest.app */ = {isa = PBXFileReference; explicitFileType = wrapper.application; includeInIndex = 0; path = DDLogTest.app; sourceTree = BUILT_PRODUCTS_DIR; };
		BA54743E22F9A38300EC1572 /* AppDelegate.h */ = {isa = PBXFileReference; lastKnownFileType = sourcecode.c.h; path = AppDelegate.h; sourceTree = "<group>"; };
		BA54743F22F9A38300EC1572 /* AppDelegate.m */ = {isa = PBXFileReference; lastKnownFileType = sourcecode.c.objc; path = AppDelegate.m; sourceTree = "<group>"; };
		BA54744122F9A38300EC1572 /* ViewController.h */ = {isa = PBXFileReference; lastKnownFileType = sourcecode.c.h; path = ViewController.h; sourceTree = "<group>"; };
		BA54744222F9A38300EC1572 /* ViewController.m */ = {isa = PBXFileReference; lastKnownFileType = sourcecode.c.objc; path = ViewController.m; sourceTree = "<group>"; };
		BA54744522F9A38300EC1572 /* Base */ = {isa = PBXFileReference; lastKnownFileType = file.storyboard; name = Base; path = Base.lproj/Main.storyboard; sourceTree = "<group>"; };
		BA54744722F9A38600EC1572 /* Assets.xcassets */ = {isa = PBXFileReference; lastKnownFileType = folder.assetcatalog; path = Assets.xcassets; sourceTree = "<group>"; };
		BA54744C22F9A38600EC1572 /* Info.plist */ = {isa = PBXFileReference; lastKnownFileType = text.plist.xml; path = Info.plist; sourceTree = "<group>"; };
		BA54744D22F9A38600EC1572 /* main.m */ = {isa = PBXFileReference; lastKnownFileType = sourcecode.c.objc; path = main.m; sourceTree = "<group>"; };
		BA54745322F9A38600EC1572 /* DDLogTestTests.xctest */ = {isa = PBXFileReference; explicitFileType = wrapper.cfbundle; includeInIndex = 0; path = DDLogTestTests.xctest; sourceTree = BUILT_PRODUCTS_DIR; };
		BA54745722F9A38600EC1572 /* DDLogTestTests.m */ = {isa = PBXFileReference; lastKnownFileType = sourcecode.c.objc; path = DDLogTestTests.m; sourceTree = "<group>"; };
		BA54745922F9A38600EC1572 /* Info.plist */ = {isa = PBXFileReference; lastKnownFileType = text.plist.xml; path = Info.plist; sourceTree = "<group>"; };
		BA54745E22F9A38600EC1572 /* DDLogTestUITests.xctest */ = {isa = PBXFileReference; explicitFileType = wrapper.cfbundle; includeInIndex = 0; path = DDLogTestUITests.xctest; sourceTree = BUILT_PRODUCTS_DIR; };
		BA54746222F9A38600EC1572 /* DDLogTestUITests.m */ = {isa = PBXFileReference; lastKnownFileType = sourcecode.c.objc; path = DDLogTestUITests.m; sourceTree = "<group>"; };
		BA54746422F9A38600EC1572 /* Info.plist */ = {isa = PBXFileReference; lastKnownFileType = text.plist.xml; path = Info.plist; sourceTree = "<group>"; };
		BA54747022F9A60E00EC1572 /* PrefixHeader.pch */ = {isa = PBXFileReference; lastKnownFileType = sourcecode.c.h; path = PrefixHeader.pch; sourceTree = "<group>"; };
		BA54747222F9A96300EC1572 /* FASDKManager.h */ = {isa = PBXFileReference; lastKnownFileType = sourcecode.c.h; path = FASDKManager.h; sourceTree = "<group>"; };
		BA54747322F9A96300EC1572 /* FASDKManager.m */ = {isa = PBXFileReference; lastKnownFileType = sourcecode.c.objc; path = FASDKManager.m; sourceTree = "<group>"; };
		BAFC7F9022FA9A210007DBB1 /* FALogFormater.h */ = {isa = PBXFileReference; lastKnownFileType = sourcecode.c.h; path = FALogFormater.h; sourceTree = "<group>"; };
		BAFC7F9122FA9A210007DBB1 /* FALogFormater.m */ = {isa = PBXFileReference; lastKnownFileType = sourcecode.c.objc; path = FALogFormater.m; sourceTree = "<group>"; };
		BAFC7F9322FBC7440007DBB1 /* Launch Screen.storyboard */ = {isa = PBXFileReference; lastKnownFileType = file.storyboard; path = "Launch Screen.storyboard"; sourceTree = "<group>"; };
		E9433F000BB356CB579E48F4 /* Pods-DDLogTest.release.xcconfig */ = {isa = PBXFileReference; includeInIndex = 1; lastKnownFileType = text.xcconfig; name = "Pods-DDLogTest.release.xcconfig"; path = "Target Support Files/Pods-DDLogTest/Pods-DDLogTest.release.xcconfig"; sourceTree = "<group>"; };
/* End PBXFileReference section */

/* Begin PBXFrameworksBuildPhase section */
		BA54743822F9A38300EC1572 /* Frameworks */ = {
			isa = PBXFrameworksBuildPhase;
			buildActionMask = 2147483647;
			files = (
				3411158C3CDB2DD4203DEDEC /* libPods-DDLogTest.a in Frameworks */,
			);
			runOnlyForDeploymentPostprocessing = 0;
		};
		BA54745022F9A38600EC1572 /* Frameworks */ = {
			isa = PBXFrameworksBuildPhase;
			buildActionMask = 2147483647;
			files = (
			);
			runOnlyForDeploymentPostprocessing = 0;
		};
		BA54745B22F9A38600EC1572 /* Frameworks */ = {
			isa = PBXFrameworksBuildPhase;
			buildActionMask = 2147483647;
			files = (
			);
			runOnlyForDeploymentPostprocessing = 0;
		};
/* End PBXFrameworksBuildPhase section */

/* Begin PBXGroup section */
		A310E222AFAB3F1642C65B91 /* Pods */ = {
			isa = PBXGroup;
			children = (
				6C39C3A4A1ED77F1242063DE /* Pods-DDLogTest.debug.xcconfig */,
				E9433F000BB356CB579E48F4 /* Pods-DDLogTest.release.xcconfig */,
			);
			path = Pods;
			sourceTree = "<group>";
		};
		BA54743222F9A38300EC1572 = {
			isa = PBXGroup;
			children = (
				BA54743D22F9A38300EC1572 /* DDLogTest */,
				BA54745622F9A38600EC1572 /* DDLogTestTests */,
				BA54746122F9A38600EC1572 /* DDLogTestUITests */,
				BA54743C22F9A38300EC1572 /* Products */,
				A310E222AFAB3F1642C65B91 /* Pods */,
				C5052469C8B84C86CE9028B9 /* Frameworks */,
			);
			sourceTree = "<group>";
		};
		BA54743C22F9A38300EC1572 /* Products */ = {
			isa = PBXGroup;
			children = (
				BA54743B22F9A38300EC1572 /* DDLogTest.app */,
				BA54745322F9A38600EC1572 /* DDLogTestTests.xctest */,
				BA54745E22F9A38600EC1572 /* DDLogTestUITests.xctest */,
			);
			name = Products;
			sourceTree = "<group>";
		};
		BA54743D22F9A38300EC1572 /* DDLogTest */ = {
			isa = PBXGroup;
			children = (
				BA54747122F9A90A00EC1572 /* FASDKManager */,
				BA54743E22F9A38300EC1572 /* AppDelegate.h */,
				BA54743F22F9A38300EC1572 /* AppDelegate.m */,
				BA54744122F9A38300EC1572 /* ViewController.h */,
				BA54744222F9A38300EC1572 /* ViewController.m */,
				BA54744422F9A38300EC1572 /* Main.storyboard */,
				BA54744722F9A38600EC1572 /* Assets.xcassets */,
				BA54744C22F9A38600EC1572 /* Info.plist */,
				BA54744D22F9A38600EC1572 /* main.m */,
				BA54747022F9A60E00EC1572 /* PrefixHeader.pch */,
				BAFC7F9322FBC7440007DBB1 /* Launch Screen.storyboard */,
			);
			path = DDLogTest;
			sourceTree = "<group>";
		};
		BA54745622F9A38600EC1572 /* DDLogTestTests */ = {
			isa = PBXGroup;
			children = (
				BA54745722F9A38600EC1572 /* DDLogTestTests.m */,
				BA54745922F9A38600EC1572 /* Info.plist */,
			);
			path = DDLogTestTests;
			sourceTree = "<group>";
		};
		BA54746122F9A38600EC1572 /* DDLogTestUITests */ = {
			isa = PBXGroup;
			children = (
				BA54746222F9A38600EC1572 /* DDLogTestUITests.m */,
				BA54746422F9A38600EC1572 /* Info.plist */,
			);
			path = DDLogTestUITests;
			sourceTree = "<group>";
		};
		BA54747122F9A90A00EC1572 /* FASDKManager */ = {
			isa = PBXGroup;
			children = (
				BA54747222F9A96300EC1572 /* FASDKManager.h */,
				BA54747322F9A96300EC1572 /* FASDKManager.m */,
				BAFC7F9022FA9A210007DBB1 /* FALogFormater.h */,
				BAFC7F9122FA9A210007DBB1 /* FALogFormater.m */,
			);
			path = FASDKManager;
			sourceTree = "<group>";
		};
		C5052469C8B84C86CE9028B9 /* Frameworks */ = {
			isa = PBXGroup;
			children = (
				05C41AAE9B6872D8E2781286 /* libPods-DDLogTest.a */,
			);
			name = Frameworks;
			sourceTree = "<group>";
		};
/* End PBXGroup section */

/* Begin PBXNativeTarget section */
		BA54743A22F9A38300EC1572 /* DDLogTest */ = {
			isa = PBXNativeTarget;
			buildConfigurationList = BA54746722F9A38600EC1572 /* Build configuration list for PBXNativeTarget "DDLogTest" */;
			buildPhases = (
				4541C54BD8ABE96155D62E03 /* [CP] Check Pods Manifest.lock */,
				BA54743722F9A38300EC1572 /* Sources */,
				BA54743822F9A38300EC1572 /* Frameworks */,
				BA54743922F9A38300EC1572 /* Resources */,
			);
			buildRules = (
			);
			dependencies = (
			);
			name = DDLogTest;
			productName = DDLogTest;
			productReference = BA54743B22F9A38300EC1572 /* DDLogTest.app */;
			productType = "com.apple.product-type.application";
		};
		BA54745222F9A38600EC1572 /* DDLogTestTests */ = {
			isa = PBXNativeTarget;
			buildConfigurationList = BA54746A22F9A38600EC1572 /* Build configuration list for PBXNativeTarget "DDLogTestTests" */;
			buildPhases = (
				BA54744F22F9A38600EC1572 /* Sources */,
				BA54745022F9A38600EC1572 /* Frameworks */,
				BA54745122F9A38600EC1572 /* Resources */,
			);
			buildRules = (
			);
			dependencies = (
				BA54745522F9A38600EC1572 /* PBXTargetDependency */,
			);
			name = DDLogTestTests;
			productName = DDLogTestTests;
			productReference = BA54745322F9A38600EC1572 /* DDLogTestTests.xctest */;
			productType = "com.apple.product-type.bundle.unit-test";
		};
		BA54745D22F9A38600EC1572 /* DDLogTestUITests */ = {
			isa = PBXNativeTarget;
			buildConfigurationList = BA54746D22F9A38600EC1572 /* Build configuration list for PBXNativeTarget "DDLogTestUITests" */;
			buildPhases = (
				BA54745A22F9A38600EC1572 /* Sources */,
				BA54745B22F9A38600EC1572 /* Frameworks */,
				BA54745C22F9A38600EC1572 /* Resources */,
			);
			buildRules = (
			);
			dependencies = (
				BA54746022F9A38600EC1572 /* PBXTargetDependency */,
			);
			name = DDLogTestUITests;
			productName = DDLogTestUITests;
			productReference = BA54745E22F9A38600EC1572 /* DDLogTestUITests.xctest */;
			productType = "com.apple.product-type.bundle.ui-testing";
		};
/* End PBXNativeTarget section */

/* Begin PBXProject section */
		BA54743322F9A38300EC1572 /* Project object */ = {
			isa = PBXProject;
			attributes = {
				LastUpgradeCheck = 1030;
				ORGANIZATIONNAME = develop;
				TargetAttributes = {
					BA54743A22F9A38300EC1572 = {
						CreatedOnToolsVersion = 10.3;
					};
					BA54745222F9A38600EC1572 = {
						CreatedOnToolsVersion = 10.3;
						TestTargetID = BA54743A22F9A38300EC1572;
					};
					BA54745D22F9A38600EC1572 = {
						CreatedOnToolsVersion = 10.3;
						TestTargetID = BA54743A22F9A38300EC1572;
					};
				};
			};
			buildConfigurationList = BA54743622F9A38300EC1572 /* Build configuration list for PBXProject "DDLogTest" */;
			compatibilityVersion = "Xcode 9.3";
			developmentRegion = en;
			hasScannedForEncodings = 0;
			knownRegions = (
				en,
				Base,
			);
			mainGroup = BA54743222F9A38300EC1572;
			productRefGroup = BA54743C22F9A38300EC1572 /* Products */;
			projectDirPath = "";
			projectRoot = "";
			targets = (
				BA54743A22F9A38300EC1572 /* DDLogTest */,
				BA54745222F9A38600EC1572 /* DDLogTestTests */,
				BA54745D22F9A38600EC1572 /* DDLogTestUITests */,
			);
		};
/* End PBXProject section */

/* Begin PBXResourcesBuildPhase section */
		BA54743922F9A38300EC1572 /* Resources */ = {
			isa = PBXResourcesBuildPhase;
			buildActionMask = 2147483647;
			files = (
				BAFC7F9422FBC7440007DBB1 /* Launch Screen.storyboard in Resources */,
				BA54744822F9A38600EC1572 /* Assets.xcassets in Resources */,
				BA54744622F9A38300EC1572 /* Main.storyboard in Resources */,
			);
			runOnlyForDeploymentPostprocessing = 0;
		};
		BA54745122F9A38600EC1572 /* Resources */ = {
			isa = PBXResourcesBuildPhase;
			buildActionMask = 2147483647;
			files = (
			);
			runOnlyForDeploymentPostprocessing = 0;
		};
		BA54745C22F9A38600EC1572 /* Resources */ = {
			isa = PBXResourcesBuildPhase;
			buildActionMask = 2147483647;
			files = (
			);
			runOnlyForDeploymentPostprocessing = 0;
		};
/* End PBXResourcesBuildPhase section */

/* Begin PBXShellScriptBuildPhase section */
		4541C54BD8ABE96155D62E03 /* [CP] Check Pods Manifest.lock */ = {
			isa = PBXShellScriptBuildPhase;
			buildActionMask = 2147483647;
			files = (
			);
			inputFileListPaths = (
			);
			inputPaths = (
				"${PODS_PODFILE_DIR_PATH}/Podfile.lock",
				"${PODS_ROOT}/Manifest.lock",
			);
			name = "[CP] Check Pods Manifest.lock";
			outputFileListPaths = (
			);
			outputPaths = (
				"$(DERIVED_FILE_DIR)/Pods-DDLogTest-checkManifestLockResult.txt",
			);
			runOnlyForDeploymentPostprocessing = 0;
			shellPath = /bin/sh;
			shellScript = "diff \"${PODS_PODFILE_DIR_PATH}/Podfile.lock\" \"${PODS_ROOT}/Manifest.lock\" > /dev/null\nif [ $? != 0 ] ; then\n    # print error to STDERR\n    echo \"error: The sandbox is not in sync with the Podfile.lock. Run 'pod install' or update your CocoaPods installation.\" >&2\n    exit 1\nfi\n# This output is used by Xcode 'outputs' to avoid re-running this script phase.\necho \"SUCCESS\" > \"${SCRIPT_OUTPUT_FILE_0}\"\n";
			showEnvVarsInLog = 0;
		};
/* End PBXShellScriptBuildPhase section */

/* Begin PBXSourcesBuildPhase section */
		BA54743722F9A38300EC1572 /* Sources */ = {
			isa = PBXSourcesBuildPhase;
			buildActionMask = 2147483647;
			files = (
				BA54744322F9A38300EC1572 /* ViewController.m in Sources */,
				BA54747422F9A96300EC1572 /* FASDKManager.m in Sources */,
				BA54744E22F9A38600EC1572 /* main.m in Sources */,
				BA54744022F9A38300EC1572 /* AppDelegate.m in Sources */,
				BAFC7F9222FA9A210007DBB1 /* FALogFormater.m in Sources */,
			);
			runOnlyForDeploymentPostprocessing = 0;
		};
		BA54744F22F9A38600EC1572 /* Sources */ = {
			isa = PBXSourcesBuildPhase;
			buildActionMask = 2147483647;
			files = (
				BA54745822F9A38600EC1572 /* DDLogTestTests.m in Sources */,
			);
			runOnlyForDeploymentPostprocessing = 0;
		};
		BA54745A22F9A38600EC1572 /* Sources */ = {
			isa = PBXSourcesBuildPhase;
			buildActionMask = 2147483647;
			files = (
				BA54746322F9A38600EC1572 /* DDLogTestUITests.m in Sources */,
			);
			runOnlyForDeploymentPostprocessing = 0;
		};
/* End PBXSourcesBuildPhase section */

/* Begin PBXTargetDependency section */
		BA54745522F9A38600EC1572 /* PBXTargetDependency */ = {
			isa = PBXTargetDependency;
			target = BA54743A22F9A38300EC1572 /* DDLogTest */;
			targetProxy = BA54745422F9A38600EC1572 /* PBXContainerItemProxy */;
		};
		BA54746022F9A38600EC1572 /* PBXTargetDependency */ = {
			isa = PBXTargetDependency;
			target = BA54743A22F9A38300EC1572 /* DDLogTest */;
			targetProxy = BA54745F22F9A38600EC1572 /* PBXContainerItemProxy */;
		};
/* End PBXTargetDependency section */

/* Begin PBXVariantGroup section */
		BA54744422F9A38300EC1572 /* Main.storyboard */ = {
			isa = PBXVariantGroup;
			children = (
				BA54744522F9A38300EC1572 /* Base */,
			);
			name = Main.storyboard;
			sourceTree = "<group>";
		};
/* End PBXVariantGroup section */

/* Begin XCBuildConfiguration section */
		BA54746522F9A38600EC1572 /* Debug */ = {
			isa = XCBuildConfiguration;
			buildSettings = {
				ALWAYS_SEARCH_USER_PATHS = NO;
				CLANG_ANALYZER_NONNULL = YES;
				CLANG_ANALYZER_NUMBER_OBJECT_CONVERSION = YES_AGGRESSIVE;
				CLANG_CXX_LANGUAGE_STANDARD = "gnu++14";
				CLANG_CXX_LIBRARY = "libc++";
				CLANG_ENABLE_MODULES = YES;
				CLANG_ENABLE_OBJC_ARC = YES;
				CLANG_ENABLE_OBJC_WEAK = YES;
				CLANG_WARN_BLOCK_CAPTURE_AUTORELEASING = YES;
				CLANG_WARN_BOOL_CONVERSION = YES;
				CLANG_WARN_COMMA = YES;
				CLANG_WARN_CONSTANT_CONVERSION = YES;
				CLANG_WARN_DEPRECATED_OBJC_IMPLEMENTATIONS = YES;
				CLANG_WARN_DIRECT_OBJC_ISA_USAGE = YES_ERROR;
				CLANG_WARN_DOCUMENTATION_COMMENTS = YES;
				CLANG_WARN_EMPTY_BODY = YES;
				CLANG_WARN_ENUM_CONVERSION = YES;
				CLANG_WARN_INFINITE_RECURSION = YES;
				CLANG_WARN_INT_CONVERSION = YES;
				CLANG_WARN_NON_LITERAL_NULL_CONVERSION = YES;
				CLANG_WARN_OBJC_IMPLICIT_RETAIN_SELF = YES;
				CLANG_WARN_OBJC_LITERAL_CONVERSION = YES;
				CLANG_WARN_OBJC_ROOT_CLASS = YES_ERROR;
				CLANG_WARN_RANGE_LOOP_ANALYSIS = YES;
				CLANG_WARN_STRICT_PROTOTYPES = YES;
				CLANG_WARN_SUSPICIOUS_MOVE = YES;
				CLANG_WARN_UNGUARDED_AVAILABILITY = YES_AGGRESSIVE;
				CLANG_WARN_UNREACHABLE_CODE = YES;
				CLANG_WARN__DUPLICATE_METHOD_MATCH = YES;
				CODE_SIGN_IDENTITY = "iPhone Developer";
				COPY_PHASE_STRIP = NO;
				DEBUG_INFORMATION_FORMAT = dwarf;
				ENABLE_STRICT_OBJC_MSGSEND = YES;
				ENABLE_TESTABILITY = YES;
				GCC_C_LANGUAGE_STANDARD = gnu11;
				GCC_DYNAMIC_NO_PIC = NO;
				GCC_NO_COMMON_BLOCKS = YES;
				GCC_OPTIMIZATION_LEVEL = 0;
				GCC_PREPROCESSOR_DEFINITIONS = (
					"DEBUG=1",
					"$(inherited)",
				);
				GCC_WARN_64_TO_32_BIT_CONVERSION = YES;
				GCC_WARN_ABOUT_RETURN_TYPE = YES_ERROR;
				GCC_WARN_UNDECLARED_SELECTOR = YES;
				GCC_WARN_UNINITIALIZED_AUTOS = YES_AGGRESSIVE;
				GCC_WARN_UNUSED_FUNCTION = YES;
				GCC_WARN_UNUSED_VARIABLE = YES;
				IPHONEOS_DEPLOYMENT_TARGET = 12.4;
				MTL_ENABLE_DEBUG_INFO = INCLUDE_SOURCE;
				MTL_FAST_MATH = YES;
				ONLY_ACTIVE_ARCH = YES;
				SDKROOT = iphoneos;
			};
			name = Debug;
		};
		BA54746622F9A38600EC1572 /* Release */ = {
			isa = XCBuildConfiguration;
			buildSettings = {
				ALWAYS_SEARCH_USER_PATHS = NO;
				CLANG_ANALYZER_NONNULL = YES;
				CLANG_ANALYZER_NUMBER_OBJECT_CONVERSION = YES_AGGRESSIVE;
				CLANG_CXX_LANGUAGE_STANDARD = "gnu++14";
				CLANG_CXX_LIBRARY = "libc++";
				CLANG_ENABLE_MODULES = YES;
				CLANG_ENABLE_OBJC_ARC = YES;
				CLANG_ENABLE_OBJC_WEAK = YES;
				CLANG_WARN_BLOCK_CAPTURE_AUTORELEASING = YES;
				CLANG_WARN_BOOL_CONVERSION = YES;
				CLANG_WARN_COMMA = YES;
				CLANG_WARN_CONSTANT_CONVERSION = YES;
				CLANG_WARN_DEPRECATED_OBJC_IMPLEMENTATIONS = YES;
				CLANG_WARN_DIRECT_OBJC_ISA_USAGE = YES_ERROR;
				CLANG_WARN_DOCUMENTATION_COMMENTS = YES;
				CLANG_WARN_EMPTY_BODY = YES;
				CLANG_WARN_ENUM_CONVERSION = YES;
				CLANG_WARN_INFINITE_RECURSION = YES;
				CLANG_WARN_INT_CONVERSION = YES;
				CLANG_WARN_NON_LITERAL_NULL_CONVERSION = YES;
				CLANG_WARN_OBJC_IMPLICIT_RETAIN_SELF = YES;
				CLANG_WARN_OBJC_LITERAL_CONVERSION = YES;
				CLANG_WARN_OBJC_ROOT_CLASS = YES_ERROR;
				CLANG_WARN_RANGE_LOOP_ANALYSIS = YES;
				CLANG_WARN_STRICT_PROTOTYPES = YES;
				CLANG_WARN_SUSPICIOUS_MOVE = YES;
				CLANG_WARN_UNGUARDED_AVAILABILITY = YES_AGGRESSIVE;
				CLANG_WARN_UNREACHABLE_CODE = YES;
				CLANG_WARN__DUPLICATE_METHOD_MATCH = YES;
				CODE_SIGN_IDENTITY = "iPhone Developer";
				COPY_PHASE_STRIP = NO;
				DEBUG_INFORMATION_FORMAT = "dwarf-with-dsym";
				ENABLE_NS_ASSERTIONS = NO;
				ENABLE_STRICT_OBJC_MSGSEND = YES;
				GCC_C_LANGUAGE_STANDARD = gnu11;
				GCC_NO_COMMON_BLOCKS = YES;
				GCC_WARN_64_TO_32_BIT_CONVERSION = YES;
				GCC_WARN_ABOUT_RETURN_TYPE = YES_ERROR;
				GCC_WARN_UNDECLARED_SELECTOR = YES;
				GCC_WARN_UNINITIALIZED_AUTOS = YES_AGGRESSIVE;
				GCC_WARN_UNUSED_FUNCTION = YES;
				GCC_WARN_UNUSED_VARIABLE = YES;
				IPHONEOS_DEPLOYMENT_TARGET = 12.4;
				MTL_ENABLE_DEBUG_INFO = NO;
				MTL_FAST_MATH = YES;
				SDKROOT = iphoneos;
				VALIDATE_PRODUCT = YES;
			};
			name = Release;
		};
		BA54746822F9A38600EC1572 /* Debug */ = {
			isa = XCBuildConfiguration;
			baseConfigurationReference = 6C39C3A4A1ED77F1242063DE /* Pods-DDLogTest.debug.xcconfig */;
			buildSettings = {
				ASSETCATALOG_COMPILER_APPICON_NAME = AppIcon;
				CODE_SIGN_IDENTITY = "iPhone Developer: jungang wei (P2K9Y56P25)";
				CODE_SIGN_STYLE = Manual;
				DEVELOPMENT_TEAM = L2BQ4M7C47;
				GCC_PREFIX_HEADER = /Users/develop/Desktop/myFile/DDLogTest/DDLogTest/PrefixHeader.pch;
				INFOPLIST_FILE = DDLogTest/Info.plist;
				IPHONEOS_DEPLOYMENT_TARGET = 9.1;
				LD_RUNPATH_SEARCH_PATHS = (
					"$(inherited)",
					"@executable_path/Frameworks",
				);
				NEW_SETTING = "";
				PRODUCT_BUNDLE_IDENTIFIER = com.tendzone.development.Clear;
				PRODUCT_NAME = "$(TARGET_NAME)";
				PROVISIONING_PROFILE_SPECIFIER = "Clear development Profile";
				TARGETED_DEVICE_FAMILY = "1,2";
			};
			name = Debug;
		};
		BA54746922F9A38600EC1572 /* Release */ = {
			isa = XCBuildConfiguration;
			baseConfigurationReference = E9433F000BB356CB579E48F4 /* Pods-DDLogTest.release.xcconfig */;
			buildSettings = {
				ASSETCATALOG_COMPILER_APPICON_NAME = AppIcon;
				CODE_SIGN_IDENTITY = "iPhone Developer: jungang wei (P2K9Y56P25)";
				CODE_SIGN_STYLE = Manual;
				DEVELOPMENT_TEAM = L2BQ4M7C47;
				GCC_PREFIX_HEADER = /Users/develop/Desktop/myFile/DDLogTest/DDLogTest/PrefixHeader.pch;
				INFOPLIST_FILE = DDLogTest/Info.plist;
				IPHONEOS_DEPLOYMENT_TARGET = 9.1;
				LD_RUNPATH_SEARCH_PATHS = (
					"$(inherited)",
					"@executable_path/Frameworks",
				);
				NEW_SETTING = "";
				PRODUCT_BUNDLE_IDENTIFIER = com.tendzone.development.Clear;
				PRODUCT_NAME = "$(TARGET_NAME)";
				PROVISIONING_PROFILE_SPECIFIER = "Clear development Profile";
				TARGETED_DEVICE_FAMILY = "1,2";
			};
			name = Release;
		};
		BA54746B22F9A38600EC1572 /* Debug */ = {
			isa = XCBuildConfiguration;
			buildSettings = {
				BUNDLE_LOADER = "$(TEST_HOST)";
				CODE_SIGN_STYLE = Automatic;
				INFOPLIST_FILE = DDLogTestTests/Info.plist;
				LD_RUNPATH_SEARCH_PATHS = (
					"$(inherited)",
					"@executable_path/Frameworks",
					"@loader_path/Frameworks",
				);
				PRODUCT_BUNDLE_IDENTIFIER = com.tendzone.fan.DDLogTestTests;
				PRODUCT_NAME = "$(TARGET_NAME)";
				TARGETED_DEVICE_FAMILY = "1,2";
				TEST_HOST = "$(BUILT_PRODUCTS_DIR)/DDLogTest.app/DDLogTest";
			};
			name = Debug;
		};
		BA54746C22F9A38600EC1572 /* Release */ = {
			isa = XCBuildConfiguration;
			buildSettings = {
				BUNDLE_LOADER = "$(TEST_HOST)";
				CODE_SIGN_STYLE = Automatic;
				INFOPLIST_FILE = DDLogTestTests/Info.plist;
				LD_RUNPATH_SEARCH_PATHS = (
					"$(inherited)",
					"@executable_path/Frameworks",
					"@loader_path/Frameworks",
				);
				PRODUCT_BUNDLE_IDENTIFIER = com.tendzone.fan.DDLogTestTests;
				PRODUCT_NAME = "$(TARGET_NAME)";
				TARGETED_DEVICE_FAMILY = "1,2";
				TEST_HOST = "$(BUILT_PRODUCTS_DIR)/DDLogTest.app/DDLogTest";
			};
			name = Release;
		};
		BA54746E22F9A38600EC1572 /* Debug */ = {
			isa = XCBuildConfiguration;
			buildSettings = {
				CODE_SIGN_STYLE = Automatic;
				INFOPLIST_FILE = DDLogTestUITests/Info.plist;
				LD_RUNPATH_SEARCH_PATHS = (
					"$(inherited)",
					"@executable_path/Frameworks",
					"@loader_path/Frameworks",
				);
				PRODUCT_BUNDLE_IDENTIFIER = com.tendzone.fan.DDLogTestUITests;
				PRODUCT_NAME = "$(TARGET_NAME)";
				TARGETED_DEVICE_FAMILY = "1,2";
				TEST_TARGET_NAME = DDLogTest;
			};
			name = Debug;
		};
		BA54746F22F9A38600EC1572 /* Release */ = {
			isa = XCBuildConfiguration;
			buildSettings = {
				CODE_SIGN_STYLE = Automatic;
				INFOPLIST_FILE = DDLogTestUITests/Info.plist;
				LD_RUNPATH_SEARCH_PATHS = (
					"$(inherited)",
					"@executable_path/Frameworks",
					"@loader_path/Frameworks",
				);
				PRODUCT_BUNDLE_IDENTIFIER = com.tendzone.fan.DDLogTestUITests;
				PRODUCT_NAME = "$(TARGET_NAME)";
				TARGETED_DEVICE_FAMILY = "1,2";
				TEST_TARGET_NAME = DDLogTest;
			};
			name = Release;
		};
/* End XCBuildConfiguration section */

/* Begin XCConfigurationList section */
		BA54743622F9A38300EC1572 /* Build configuration list for PBXProject "DDLogTest" */ = {
			isa = XCConfigurationList;
			buildConfigurations = (
				BA54746522F9A38600EC1572 /* Debug */,
				BA54746622F9A38600EC1572 /* Release */,
			);
			defaultConfigurationIsVisible = 0;
			defaultConfigurationName = Release;
		};
		BA54746722F9A38600EC1572 /* Build configuration list for PBXNativeTarget "DDLogTest" */ = {
			isa = XCConfigurationList;
			buildConfigurations = (
				BA54746822F9A38600EC1572 /* Debug */,
				BA54746922F9A38600EC1572 /* Release */,
			);
			defaultConfigurationIsVisible = 0;
			defaultConfigurationName = Release;
		};
		BA54746A22F9A38600EC1572 /* Build configuration list for PBXNativeTarget "DDLogTestTests" */ = {
			isa = XCConfigurationList;
			buildConfigurations = (
				BA54746B22F9A38600EC1572 /* Debug */,
				BA54746C22F9A38600EC1572 /* Release */,
			);
			defaultConfigurationIsVisible = 0;
			defaultConfigurationName = Release;
		};
		BA54746D22F9A38600EC1572 /* Build configuration list for PBXNativeTarget "DDLogTestUITests" */ = {
			isa = XCConfigurationList;
			buildConfigurations = (
				BA54746E22F9A38600EC1572 /* Debug */,
				BA54746F22F9A38600EC1572 /* Release */,
			);
			defaultConfigurationIsVisible = 0;
			defaultConfigurationName = Release;
		};
/* End XCConfigurationList section */
	};
	rootObject = BA54743322F9A38300EC1572 /* Project object */;
}
